
Microsoft Visual Studio Solution File, Format Version 12.00
# Visual Studio Version 17
VisualStudioVersion = 17.5.33502.453
MinimumVisualStudioVersion = 10.0.40219.1
Project("{FAE04EC0-301F-11D3-BF4B-00C04F79EFBC}") = "ProjectApplication", "ProjectApplication\ProjectApplication.csproj", "{543683F9-671A-495B-9394-997B2418AE3A}"
EndProject
Global
	GlobalSection(SolutionConfigurationPlatforms) = preSolution
		Debug|Any CPU = Debug|Any CPU
		Release|Any CPU = Release|Any CPU
	EndGlobalSection
	GlobalSection(ProjectConfigurationPlatforms) = postSolution
		{543683F9-671A-495B-9394-997B2418AE3A}.Debug|Any CPU.ActiveCfg = Debug|Any CPU
		{543683F9-671A-495B-9394-997B2418AE3A}.Debug|Any CPU.Build.0 = Debug|Any CPU
		{543683F9-671A-495B-9394-997B2418AE3A}.Release|Any CPU.ActiveCfg = Release|Any CPU
		{543683F9-671A-495B-9394-997B2418AE3A}.Release|Any CPU.Build.0 = Release|Any CPU
	EndGlobalSection
	GlobalSection(SolutionProperties) = preSolution
		HideSolutionNode = FALSE
	EndGlobalSection
	GlobalSection(ExtensibilityGlobals) = postSolution
		SolutionGuid = {86210478-8A49-42C8-AFD4-81139A6B2E78}
	EndGlobalSection
EndGlobal
